{
  "name": "bug-npm6",
  "version": "1.0.0",
  "lockfileVersion": 1,
  "requires": true,
  "dependencies": {
    "test-package": {
      "version": "github:targos/test-package#3a31a39f1f8d45798cca5079531d8b5c344f8669",
      "from": "github:targos/test-package#3a31a39f1f8d45798cca5079531d8b5c344f8669"
    }
  }
}
